
Microsoft Visual Studio Solution File, Format Version 12.00
# Visual Studio 14
VisualStudioVersion = 14.0.25420.1
MinimumVisualStudioVersion = 10.0.40219.1
Project("{FAE04EC0-301F-11D3-BF4B-00C04F79EFBC}") = "Mockup Project", "Mockup Project\Mockup Project.csproj", "{177762B7-A170-464B-A51F-4366C0616EE3}"
EndProject
Project("{FAE04EC0-301F-11D3-BF4B-00C04F79EFBC}") = "Mockup Project.DataServices", "Mockup Project.DataServices\Mockup Project.DataServices.csproj", "{E4973869-17C4-4D7D-A6C0-E5E0CCA86128}"
EndProject
Global
	GlobalSection(SolutionConfigurationPlatforms) = preSolution
		Debug|Any CPU = Debug|Any CPU
		Release|Any CPU = Release|Any CPU
	EndGlobalSection
	GlobalSection(ProjectConfigurationPlatforms) = postSolution
		{177762B7-A170-464B-A51F-4366C0616EE3}.Debug|Any CPU.ActiveCfg = Debug|Any CPU
		{177762B7-A170-464B-A51F-4366C0616EE3}.Debug|Any CPU.Build.0 = Debug|Any CPU
		{177762B7-A170-464B-A51F-4366C0616EE3}.Release|Any CPU.ActiveCfg = Release|Any CPU
		{177762B7-A170-464B-A51F-4366C0616EE3}.Release|Any CPU.Build.0 = Release|Any CPU
		{E4973869-17C4-4D7D-A6C0-E5E0CCA86128}.Debug|Any CPU.ActiveCfg = Debug|Any CPU
		{E4973869-17C4-4D7D-A6C0-E5E0CCA86128}.Debug|Any CPU.Build.0 = Debug|Any CPU
		{E4973869-17C4-4D7D-A6C0-E5E0CCA86128}.Release|Any CPU.ActiveCfg = Release|Any CPU
		{E4973869-17C4-4D7D-A6C0-E5E0CCA86128}.Release|Any CPU.Build.0 = Release|Any CPU
	EndGlobalSection
	GlobalSection(SolutionProperties) = preSolution
		HideSolutionNode = FALSE
	EndGlobalSection
EndGlobal
